// !$*UTF8*$!
{
	archiveVersion = 1;
	classes = {
	};
	objectVersion = 50;
	objects = {

/* Begin PBXBuildFile section */
		2EB2E31301A29DB5E9A3B9AF /* Pods_TestGit_TestGitUITests.framework in Frameworks */ = {isa = PBXBuildFile; fileRef = 8E4F0D79B8BAD533147021D7 /* Pods_TestGit_TestGitUITests.framework */; };
		34E41CB472B08582CCA2DFB3 /* Pods_TestGit.framework in Frameworks */ = {isa = PBXBuildFile; fileRef = AB395502E79F615AE85B0664 /* Pods_TestGit.framework */; };
		8435ED1B24550BF4002F16B1 /* AppDelegate.swift in Sources */ = {isa = PBXBuildFile; fileRef = 8435ED1A24550BF4002F16B1 /* AppDelegate.swift */; };
		8435ED1D24550BF4002F16B1 /* SceneDelegate.swift in Sources */ = {isa = PBXBuildFile; fileRef = 8435ED1C24550BF4002F16B1 /* SceneDelegate.swift */; };
		8435ED1F24550BF4002F16B1 /* ContentView.swift in Sources */ = {isa = PBXBuildFile; fileRef = 8435ED1E24550BF4002F16B1 /* ContentView.swift */; };
		8435ED2124550BF7002F16B1 /* Assets.xcassets in Resources */ = {isa = PBXBuildFile; fileRef = 8435ED2024550BF7002F16B1 /* Assets.xcassets */; };
		8435ED2424550BF7002F16B1 /* Preview Assets.xcassets in Resources */ = {isa = PBXBuildFile; fileRef = 8435ED2324550BF7002F16B1 /* Preview Assets.xcassets */; };
		8435ED2724550BF7002F16B1 /* LaunchScreen.storyboard in Resources */ = {isa = PBXBuildFile; fileRef = 8435ED2524550BF7002F16B1 /* LaunchScreen.storyboard */; };
		8435ED3224550BF7002F16B1 /* TestGitTests.swift in Sources */ = {isa = PBXBuildFile; fileRef = 8435ED3124550BF7002F16B1 /* TestGitTests.swift */; };
		8435ED3D24550BF7002F16B1 /* TestGitUITests.swift in Sources */ = {isa = PBXBuildFile; fileRef = 8435ED3C24550BF7002F16B1 /* TestGitUITests.swift */; };
		9699E2D3E094870AE812A5CB /* Pods_TestGitTests.framework in Frameworks */ = {isa = PBXBuildFile; fileRef = 1238A799B60CFF2590E375A9 /* Pods_TestGitTests.framework */; };
/* End PBXBuildFile section */

/* Begin PBXContainerItemProxy section */
		8435ED2E24550BF7002F16B1 /* PBXContainerItemProxy */ = {
			isa = PBXContainerItemProxy;
			containerPortal = 8435ED0F24550BF4002F16B1 /* Project object */;
			proxyType = 1;
			remoteGlobalIDString = 8435ED1624550BF4002F16B1;
			remoteInfo = TestGit;
		};
		8435ED3924550BF7002F16B1 /* PBXContainerItemProxy */ = {
			isa = PBXContainerItemProxy;
			containerPortal = 8435ED0F24550BF4002F16B1 /* Project object */;
			proxyType = 1;
			remoteGlobalIDString = 8435ED1624550BF4002F16B1;
			remoteInfo = TestGit;
		};
/* End PBXContainerItemProxy section */

/* Begin PBXFileReference section */
		1238A799B60CFF2590E375A9 /* Pods_TestGitTests.framework */ = {isa = PBXFileReference; explicitFileType = wrapper.framework; includeInIndex = 0; path = Pods_TestGitTests.framework; sourceTree = BUILT_PRODUCTS_DIR; };
		2CF83B4C2113E6133E046FE4 /* Pods-TestGit.release.xcconfig */ = {isa = PBXFileReference; includeInIndex = 1; lastKnownFileType = text.xcconfig; name = "Pods-TestGit.release.xcconfig"; path = "Target Support Files/Pods-TestGit/Pods-TestGit.release.xcconfig"; sourceTree = "<group>"; };
		8435ED1724550BF4002F16B1 /* TestGit.app */ = {isa = PBXFileReference; explicitFileType = wrapper.application; includeInIndex = 0; path = TestGit.app; sourceTree = BUILT_PRODUCTS_DIR; };
		8435ED1A24550BF4002F16B1 /* AppDelegate.swift */ = {isa = PBXFileReference; lastKnownFileType = sourcecode.swift; path = AppDelegate.swift; sourceTree = "<group>"; };
		8435ED1C24550BF4002F16B1 /* SceneDelegate.swift */ = {isa = PBXFileReference; lastKnownFileType = sourcecode.swift; path = SceneDelegate.swift; sourceTree = "<group>"; };
		8435ED1E24550BF4002F16B1 /* ContentView.swift */ = {isa = PBXFileReference; lastKnownFileType = sourcecode.swift; path = ContentView.swift; sourceTree = "<group>"; };
		8435ED2024550BF7002F16B1 /* Assets.xcassets */ = {isa = PBXFileReference; lastKnownFileType = folder.assetcatalog; path = Assets.xcassets; sourceTree = "<group>"; };
		8435ED2324550BF7002F16B1 /* Preview Assets.xcassets */ = {isa = PBXFileReference; lastKnownFileType = folder.assetcatalog; path = "Preview Assets.xcassets"; sourceTree = "<group>"; };
		8435ED2624550BF7002F16B1 /* Base */ = {isa = PBXFileReference; lastKnownFileType = file.storyboard; name = Base; path = Base.lproj/LaunchScreen.storyboard; sourceTree = "<group>"; };
		8435ED2824550BF7002F16B1 /* Info.plist */ = {isa = PBXFileReference; lastKnownFileType = text.plist.xml; path = Info.plist; sourceTree = "<group>"; };
		8435ED2D24550BF7002F16B1 /* TestGitTests.xctest */ = {isa = PBXFileReference; explicitFileType = wrapper.cfbundle; includeInIndex = 0; path = TestGitTests.xctest; sourceTree = BUILT_PRODUCTS_DIR; };
		8435ED3124550BF7002F16B1 /* TestGitTests.swift */ = {isa = PBXFileReference; lastKnownFileType = sourcecode.swift; path = TestGitTests.swift; sourceTree = "<group>"; };
		8435ED3324550BF7002F16B1 /* Info.plist */ = {isa = PBXFileReference; lastKnownFileType = text.plist.xml; path = Info.plist; sourceTree = "<group>"; };
		8435ED3824550BF7002F16B1 /* TestGitUITests.xctest */ = {isa = PBXFileReference; explicitFileType = wrapper.cfbundle; includeInIndex = 0; path = TestGitUITests.xctest; sourceTree = BUILT_PRODUCTS_DIR; };
		8435ED3C24550BF7002F16B1 /* TestGitUITests.swift */ = {isa = PBXFileReference; lastKnownFileType = sourcecode.swift; path = TestGitUITests.swift; sourceTree = "<group>"; };
		8435ED3E24550BF7002F16B1 /* Info.plist */ = {isa = PBXFileReference; lastKnownFileType = text.plist.xml; path = Info.plist; sourceTree = "<group>"; };
		8BBCA9FADFAFB6389FA86FC4 /* Pods-TestGitTests.debug.xcconfig */ = {isa = PBXFileReference; includeInIndex = 1; lastKnownFileType = text.xcconfig; name = "Pods-TestGitTests.debug.xcconfig"; path = "Target Support Files/Pods-TestGitTests/Pods-TestGitTests.debug.xcconfig"; sourceTree = "<group>"; };
		8E4F0D79B8BAD533147021D7 /* Pods_TestGit_TestGitUITests.framework */ = {isa = PBXFileReference; explicitFileType = wrapper.framework; includeInIndex = 0; path = Pods_TestGit_TestGitUITests.framework; sourceTree = BUILT_PRODUCTS_DIR; };
		94A1D23BF76306399E9C2EDA /* Pods-TestGit-TestGitUITests.release.xcconfig */ = {isa = PBXFileReference; includeInIndex = 1; lastKnownFileType = text.xcconfig; name = "Pods-TestGit-TestGitUITests.release.xcconfig"; path = "Target Support Files/Pods-TestGit-TestGitUITests/Pods-TestGit-TestGitUITests.release.xcconfig"; sourceTree = "<group>"; };
		A6729956D3B187845AADFB59 /* Pods-TestGit.debug.xcconfig */ = {isa = PBXFileReference; includeInIndex = 1; lastKnownFileType = text.xcconfig; name = "Pods-TestGit.debug.xcconfig"; path = "Target Support Files/Pods-TestGit/Pods-TestGit.debug.xcconfig"; sourceTree = "<group>"; };
		AB395502E79F615AE85B0664 /* Pods_TestGit.framework */ = {isa = PBXFileReference; explicitFileType = wrapper.framework; includeInIndex = 0; path = Pods_TestGit.framework; sourceTree = BUILT_PRODUCTS_DIR; };
		BDEF861D8C30635259F0E462 /* Pods-TestGit-TestGitUITests.debug.xcconfig */ = {isa = PBXFileReference; includeInIndex = 1; lastKnownFileType = text.xcconfig; name = "Pods-TestGit-TestGitUITests.debug.xcconfig"; path = "Target Support Files/Pods-TestGit-TestGitUITests/Pods-TestGit-TestGitUITests.debug.xcconfig"; sourceTree = "<group>"; };
		BFBCA2358CA5BAADED49754D /* Pods-TestGitTests.release.xcconfig */ = {isa = PBXFileReference; includeInIndex = 1; lastKnownFileType = text.xcconfig; name = "Pods-TestGitTests.release.xcconfig"; path = "Target Support Files/Pods-TestGitTests/Pods-TestGitTests.release.xcconfig"; sourceTree = "<group>"; };
/* End PBXFileReference section */

/* Begin PBXFrameworksBuildPhase section */
		8435ED1424550BF4002F16B1 /* Frameworks */ = {
			isa = PBXFrameworksBuildPhase;
			buildActionMask = 2147483647;
			files = (
				34E41CB472B08582CCA2DFB3 /* Pods_TestGit.framework in Frameworks */,
			);
			runOnlyForDeploymentPostprocessing = 0;
		};
		8435ED2A24550BF7002F16B1 /* Frameworks */ = {
			isa = PBXFrameworksBuildPhase;
			buildActionMask = 2147483647;
			files = (
				9699E2D3E094870AE812A5CB /* Pods_TestGitTests.framework in Frameworks */,
			);
			runOnlyForDeploymentPostprocessing = 0;
		};
		8435ED3524550BF7002F16B1 /* Frameworks */ = {
			isa = PBXFrameworksBuildPhase;
			buildActionMask = 2147483647;
			files = (
				2EB2E31301A29DB5E9A3B9AF /* Pods_TestGit_TestGitUITests.framework in Frameworks */,
			);
			runOnlyForDeploymentPostprocessing = 0;
		};
/* End PBXFrameworksBuildPhase section */

/* Begin PBXGroup section */
		70979F8648AD8BF068164D17 /* Pods */ = {
			isa = PBXGroup;
			children = (
				A6729956D3B187845AADFB59 /* Pods-TestGit.debug.xcconfig */,
				2CF83B4C2113E6133E046FE4 /* Pods-TestGit.release.xcconfig */,
				BDEF861D8C30635259F0E462 /* Pods-TestGit-TestGitUITests.debug.xcconfig */,
				94A1D23BF76306399E9C2EDA /* Pods-TestGit-TestGitUITests.release.xcconfig */,
				8BBCA9FADFAFB6389FA86FC4 /* Pods-TestGitTests.debug.xcconfig */,
				BFBCA2358CA5BAADED49754D /* Pods-TestGitTests.release.xcconfig */,
			);
			name = Pods;
			path = Pods;
			sourceTree = "<group>";
		};
		816A38D47CCCC0161252BD54 /* Frameworks */ = {
			isa = PBXGroup;
			children = (
				AB395502E79F615AE85B0664 /* Pods_TestGit.framework */,
				8E4F0D79B8BAD533147021D7 /* Pods_TestGit_TestGitUITests.framework */,
				1238A799B60CFF2590E375A9 /* Pods_TestGitTests.framework */,
			);
			name = Frameworks;
			sourceTree = "<group>";
		};
		8435ED0E24550BF4002F16B1 = {
			isa = PBXGroup;
			children = (
				8435ED1924550BF4002F16B1 /* TestGit */,
				8435ED3024550BF7002F16B1 /* TestGitTests */,
				8435ED3B24550BF7002F16B1 /* TestGitUITests */,
				8435ED1824550BF4002F16B1 /* Products */,
				70979F8648AD8BF068164D17 /* Pods */,
				816A38D47CCCC0161252BD54 /* Frameworks */,
			);
			sourceTree = "<group>";
		};
		8435ED1824550BF4002F16B1 /* Products */ = {
			isa = PBXGroup;
			children = (
				8435ED1724550BF4002F16B1 /* TestGit.app */,
				8435ED2D24550BF7002F16B1 /* TestGitTests.xctest */,
				8435ED3824550BF7002F16B1 /* TestGitUITests.xctest */,
			);
			name = Products;
			sourceTree = "<group>";
		};
		8435ED1924550BF4002F16B1 /* TestGit */ = {
			isa = PBXGroup;
			children = (
				8435ED1A24550BF4002F16B1 /* AppDelegate.swift */,
				8435ED1C24550BF4002F16B1 /* SceneDelegate.swift */,
				8435ED1E24550BF4002F16B1 /* ContentView.swift */,
				8435ED2024550BF7002F16B1 /* Assets.xcassets */,
				8435ED2524550BF7002F16B1 /* LaunchScreen.storyboard */,
				8435ED2824550BF7002F16B1 /* Info.plist */,
				8435ED2224550BF7002F16B1 /* Preview Content */,
			);
			path = TestGit;
			sourceTree = "<group>";
		};
		8435ED2224550BF7002F16B1 /* Preview Content */ = {
			isa = PBXGroup;
			children = (
				8435ED2324550BF7002F16B1 /* Preview Assets.xcassets */,
			);
			path = "Preview Content";
			sourceTree = "<group>";
		};
		8435ED3024550BF7002F16B1 /* TestGitTests */ = {
			isa = PBXGroup;
			children = (
				8435ED3124550BF7002F16B1 /* TestGitTests.swift */,
				8435ED3324550BF7002F16B1 /* Info.plist */,
			);
			path = TestGitTests;
			sourceTree = "<group>";
		};
		8435ED3B24550BF7002F16B1 /* TestGitUITests */ = {
			isa = PBXGroup;
			children = (
				8435ED3C24550BF7002F16B1 /* TestGitUITests.swift */,
				8435ED3E24550BF7002F16B1 /* Info.plist */,
			);
			path = TestGitUITests;
			sourceTree = "<group>";
		};
/* End PBXGroup section */

/* Begin PBXNativeTarget section */
		8435ED1624550BF4002F16B1 /* TestGit */ = {
			isa = PBXNativeTarget;
			buildConfigurationList = 8435ED4124550BF7002F16B1 /* Build configuration list for PBXNativeTarget "TestGit" */;
			buildPhases = (
				11AC23F1E3A9BB34118D5049 /* [CP] Check Pods Manifest.lock */,
				8435ED1324550BF4002F16B1 /* Sources */,
				8435ED1424550BF4002F16B1 /* Frameworks */,
				8435ED1524550BF4002F16B1 /* Resources */,
				39BBBBE8EBA1D38AB55DE5B2 /* [CP] Embed Pods Frameworks */,
			);
			buildRules = (
			);
			dependencies = (
			);
			name = TestGit;
			productName = TestGit;
			productReference = 8435ED1724550BF4002F16B1 /* TestGit.app */;
			productType = "com.apple.product-type.application";
		};
		8435ED2C24550BF7002F16B1 /* TestGitTests */ = {
			isa = PBXNativeTarget;
			buildConfigurationList = 8435ED4424550BF7002F16B1 /* Build configuration list for PBXNativeTarget "TestGitTests" */;
			buildPhases = (
				308F52163D43D0C309AB71D6 /* [CP] Check Pods Manifest.lock */,
				8435ED2924550BF7002F16B1 /* Sources */,
				8435ED2A24550BF7002F16B1 /* Frameworks */,
				8435ED2B24550BF7002F16B1 /* Resources */,
			);
			buildRules = (
			);
			dependencies = (
				8435ED2F24550BF7002F16B1 /* PBXTargetDependency */,
			);
			name = TestGitTests;
			productName = TestGitTests;
			productReference = 8435ED2D24550BF7002F16B1 /* TestGitTests.xctest */;
			productType = "com.apple.product-type.bundle.unit-test";
		};
		8435ED3724550BF7002F16B1 /* TestGitUITests */ = {
			isa = PBXNativeTarget;
			buildConfigurationList = 8435ED4724550BF7002F16B1 /* Build configuration list for PBXNativeTarget "TestGitUITests" */;
			buildPhases = (
				F2E8316F3E3AB503772FF9DE /* [CP] Check Pods Manifest.lock */,
				8435ED3424550BF7002F16B1 /* Sources */,
				8435ED3524550BF7002F16B1 /* Frameworks */,
				8435ED3624550BF7002F16B1 /* Resources */,
				DC72BE07C3BAEFB9335DBA11 /* [CP] Embed Pods Frameworks */,
			);
			buildRules = (
			);
			dependencies = (
				8435ED3A24550BF7002F16B1 /* PBXTargetDependency */,
			);
			name = TestGitUITests;
			productName = TestGitUITests;
			productReference = 8435ED3824550BF7002F16B1 /* TestGitUITests.xctest */;
			productType = "com.apple.product-type.bundle.ui-testing";
		};
/* End PBXNativeTarget section */

/* Begin PBXProject section */
		8435ED0F24550BF4002F16B1 /* Project object */ = {
			isa = PBXProject;
			attributes = {
				LastSwiftUpdateCheck = 1130;
				LastUpgradeCheck = 1130;
				ORGANIZATIONNAME = "Ecko Huynh";
				TargetAttributes = {
					8435ED1624550BF4002F16B1 = {
						CreatedOnToolsVersion = 11.3.1;
					};
					8435ED2C24550BF7002F16B1 = {
						CreatedOnToolsVersion = 11.3.1;
						TestTargetID = 8435ED1624550BF4002F16B1;
					};
					8435ED3724550BF7002F16B1 = {
						CreatedOnToolsVersion = 11.3.1;
						TestTargetID = 8435ED1624550BF4002F16B1;
					};
				};
			};
			buildConfigurationList = 8435ED1224550BF4002F16B1 /* Build configuration list for PBXProject "TestGit" */;
			compatibilityVersion = "Xcode 9.3";
			developmentRegion = en;
			hasScannedForEncodings = 0;
			knownRegions = (
				en,
				Base,
			);
			mainGroup = 8435ED0E24550BF4002F16B1;
			productRefGroup = 8435ED1824550BF4002F16B1 /* Products */;
			projectDirPath = "";
			projectRoot = "";
			targets = (
				8435ED1624550BF4002F16B1 /* TestGit */,
				8435ED2C24550BF7002F16B1 /* TestGitTests */,
				8435ED3724550BF7002F16B1 /* TestGitUITests */,
			);
		};
/* End PBXProject section */

/* Begin PBXResourcesBuildPhase section */
		8435ED1524550BF4002F16B1 /* Resources */ = {
			isa = PBXResourcesBuildPhase;
			buildActionMask = 2147483647;
			files = (
				8435ED2724550BF7002F16B1 /* LaunchScreen.storyboard in Resources */,
				8435ED2424550BF7002F16B1 /* Preview Assets.xcassets in Resources */,
				8435ED2124550BF7002F16B1 /* Assets.xcassets in Resources */,
			);
			runOnlyForDeploymentPostprocessing = 0;
		};
		8435ED2B24550BF7002F16B1 /* Resources */ = {
			isa = PBXResourcesBuildPhase;
			buildActionMask = 2147483647;
			files = (
			);
			runOnlyForDeploymentPostprocessing = 0;
		};
		8435ED3624550BF7002F16B1 /* Resources */ = {
			isa = PBXResourcesBuildPhase;
			buildActionMask = 2147483647;
			files = (
			);
			runOnlyForDeploymentPostprocessing = 0;
		};
/* End PBXResourcesBuildPhase section */

/* Begin PBXShellScriptBuildPhase section */
		11AC23F1E3A9BB34118D5049 /* [CP] Check Pods Manifest.lock */ = {
			isa = PBXShellScriptBuildPhase;
			buildActionMask = 2147483647;
			files = (
			);
			inputFileListPaths = (
			);
			inputPaths = (
				"${PODS_PODFILE_DIR_PATH}/Podfile.lock",
				"${PODS_ROOT}/Manifest.lock",
			);
			name = "[CP] Check Pods Manifest.lock";
			outputFileListPaths = (
			);
			outputPaths = (
				"$(DERIVED_FILE_DIR)/Pods-TestGit-checkManifestLockResult.txt",
			);
			runOnlyForDeploymentPostprocessing = 0;
			shellPath = /bin/sh;
			shellScript = "diff \"${PODS_PODFILE_DIR_PATH}/Podfile.lock\" \"${PODS_ROOT}/Manifest.lock\" > /dev/null\nif [ $? != 0 ] ; then\n    # print error to STDERR\n    echo \"error: The sandbox is not in sync with the Podfile.lock. Run 'pod install' or update your CocoaPods installation.\" >&2\n    exit 1\nfi\n# This output is used by Xcode 'outputs' to avoid re-running this script phase.\necho \"SUCCESS\" > \"${SCRIPT_OUTPUT_FILE_0}\"\n";
			showEnvVarsInLog = 0;
		};
		308F52163D43D0C309AB71D6 /* [CP] Check Pods Manifest.lock */ = {
			isa = PBXShellScriptBuildPhase;
			buildActionMask = 2147483647;
			files = (
			);
			inputFileListPaths = (
			);
			inputPaths = (
				"${PODS_PODFILE_DIR_PATH}/Podfile.lock",
				"${PODS_ROOT}/Manifest.lock",
			);
			name = "[CP] Check Pods Manifest.lock";
			outputFileListPaths = (
			);
			outputPaths = (
				"$(DERIVED_FILE_DIR)/Pods-TestGitTests-checkManifestLockResult.txt",
			);
			runOnlyForDeploymentPostprocessing = 0;
			shellPath = /bin/sh;
			shellScript = "diff \"${PODS_PODFILE_DIR_PATH}/Podfile.lock\" \"${PODS_ROOT}/Manifest.lock\" > /dev/null\nif [ $? != 0 ] ; then\n    # print error to STDERR\n    echo \"error: The sandbox is not in sync with the Podfile.lock. Run 'pod install' or update your CocoaPods installation.\" >&2\n    exit 1\nfi\n# This output is used by Xcode 'outputs' to avoid re-running this script phase.\necho \"SUCCESS\" > \"${SCRIPT_OUTPUT_FILE_0}\"\n";
			showEnvVarsInLog = 0;
		};
		39BBBBE8EBA1D38AB55DE5B2 /* [CP] Embed Pods Frameworks */ = {
			isa = PBXShellScriptBuildPhase;
			buildActionMask = 2147483647;
			files = (
			);
			inputFileListPaths = (
				"${PODS_ROOT}/Target Support Files/Pods-TestGit/Pods-TestGit-frameworks-${CONFIGURATION}-input-files.xcfilelist",
			);
			name = "[CP] Embed Pods Frameworks";
			outputFileListPaths = (
				"${PODS_ROOT}/Target Support Files/Pods-TestGit/Pods-TestGit-frameworks-${CONFIGURATION}-output-files.xcfilelist",
			);
			runOnlyForDeploymentPostprocessing = 0;
			shellPath = /bin/sh;
			shellScript = "\"${PODS_ROOT}/Target Support Files/Pods-TestGit/Pods-TestGit-frameworks.sh\"\n";
			showEnvVarsInLog = 0;
		};
		DC72BE07C3BAEFB9335DBA11 /* [CP] Embed Pods Frameworks */ = {
			isa = PBXShellScriptBuildPhase;
			buildActionMask = 2147483647;
			files = (
			);
			inputFileListPaths = (
				"${PODS_ROOT}/Target Support Files/Pods-TestGit-TestGitUITests/Pods-TestGit-TestGitUITests-frameworks-${CONFIGURATION}-input-files.xcfilelist",
			);
			name = "[CP] Embed Pods Frameworks";
			outputFileListPaths = (
				"${PODS_ROOT}/Target Support Files/Pods-TestGit-TestGitUITests/Pods-TestGit-TestGitUITests-frameworks-${CONFIGURATION}-output-files.xcfilelist",
			);
			runOnlyForDeploymentPostprocessing = 0;
			shellPath = /bin/sh;
			shellScript = "\"${PODS_ROOT}/Target Support Files/Pods-TestGit-TestGitUITests/Pods-TestGit-TestGitUITests-frameworks.sh\"\n";
			showEnvVarsInLog = 0;
		};
		F2E8316F3E3AB503772FF9DE /* [CP] Check Pods Manifest.lock */ = {
			isa = PBXShellScriptBuildPhase;
			buildActionMask = 2147483647;
			files = (
			);
			inputFileListPaths = (
			);
			inputPaths = (
				"${PODS_PODFILE_DIR_PATH}/Podfile.lock",
				"${PODS_ROOT}/Manifest.lock",
			);
			name = "[CP] Check Pods Manifest.lock";
			outputFileListPaths = (
			);
			outputPaths = (
				"$(DERIVED_FILE_DIR)/Pods-TestGit-TestGitUITests-checkManifestLockResult.txt",
			);
			runOnlyForDeploymentPostprocessing = 0;
			shellPath = /bin/sh;
			shellScript = "diff \"${PODS_PODFILE_DIR_PATH}/Podfile.lock\" \"${PODS_ROOT}/Manifest.lock\" > /dev/null\nif [ $? != 0 ] ; then\n    # print error to STDERR\n    echo \"error: The sandbox is not in sync with the Podfile.lock. Run 'pod install' or update your CocoaPods installation.\" >&2\n    exit 1\nfi\n# This output is used by Xcode 'outputs' to avoid re-running this script phase.\necho \"SUCCESS\" > \"${SCRIPT_OUTPUT_FILE_0}\"\n";
			showEnvVarsInLog = 0;
		};
/* End PBXShellScriptBuildPhase section */

/* Begin PBXSourcesBuildPhase section */
		8435ED1324550BF4002F16B1 /* Sources */ = {
			isa = PBXSourcesBuildPhase;
			buildActionMask = 2147483647;
			files = (
				8435ED1B24550BF4002F16B1 /* AppDelegate.swift in Sources */,
				8435ED1D24550BF4002F16B1 /* SceneDelegate.swift in Sources */,
				8435ED1F24550BF4002F16B1 /* ContentView.swift in Sources */,
			);
			runOnlyForDeploymentPostprocessing = 0;
		};
		8435ED2924550BF7002F16B1 /* Sources */ = {
			isa = PBXSourcesBuildPhase;
			buildActionMask = 2147483647;
			files = (
				8435ED3224550BF7002F16B1 /* TestGitTests.swift in Sources */,
			);
			runOnlyForDeploymentPostprocessing = 0;
		};
		8435ED3424550BF7002F16B1 /* Sources */ = {
			isa = PBXSourcesBuildPhase;
			buildActionMask = 2147483647;
			files = (
				8435ED3D24550BF7002F16B1 /* TestGitUITests.swift in Sources */,
			);
			runOnlyForDeploymentPostprocessing = 0;
		};
/* End PBXSourcesBuildPhase section */

/* Begin PBXTargetDependency section */
		8435ED2F24550BF7002F16B1 /* PBXTargetDependency */ = {
			isa = PBXTargetDependency;
			target = 8435ED1624550BF4002F16B1 /* TestGit */;
			targetProxy = 8435ED2E24550BF7002F16B1 /* PBXContainerItemProxy */;
		};
		8435ED3A24550BF7002F16B1 /* PBXTargetDependency */ = {
			isa = PBXTargetDependency;
			target = 8435ED1624550BF4002F16B1 /* TestGit */;
			targetProxy = 8435ED3924550BF7002F16B1 /* PBXContainerItemProxy */;
		};
/* End PBXTargetDependency section */

/* Begin PBXVariantGroup section */
		8435ED2524550BF7002F16B1 /* LaunchScreen.storyboard */ = {
			isa = PBXVariantGroup;
			children = (
				8435ED2624550BF7002F16B1 /* Base */,
			);
			name = LaunchScreen.storyboard;
			sourceTree = "<group>";
		};
/* End PBXVariantGroup section */

/* Begin XCBuildConfiguration section */
		8435ED3F24550BF7002F16B1 /* Debug */ = {
			isa = XCBuildConfiguration;
			buildSettings = {
				ALWAYS_SEARCH_USER_PATHS = NO;
				CLANG_ANALYZER_NONNULL = YES;
				CLANG_ANALYZER_NUMBER_OBJECT_CONVERSION = YES_AGGRESSIVE;
				CLANG_CXX_LANGUAGE_STANDARD = "gnu++14";
				CLANG_CXX_LIBRARY = "libc++";
				CLANG_ENABLE_MODULES = YES;
				CLANG_ENABLE_OBJC_ARC = YES;
				CLANG_ENABLE_OBJC_WEAK = YES;
				CLANG_WARN_BLOCK_CAPTURE_AUTORELEASING = YES;
				CLANG_WARN_BOOL_CONVERSION = YES;
				CLANG_WARN_COMMA = YES;
				CLANG_WARN_CONSTANT_CONVERSION = YES;
				CLANG_WARN_DEPRECATED_OBJC_IMPLEMENTATIONS = YES;
				CLANG_WARN_DIRECT_OBJC_ISA_USAGE = YES_ERROR;
				CLANG_WARN_DOCUMENTATION_COMMENTS = YES;
				CLANG_WARN_EMPTY_BODY = YES;
				CLANG_WARN_ENUM_CONVERSION = YES;
				CLANG_WARN_INFINITE_RECURSION = YES;
				CLANG_WARN_INT_CONVERSION = YES;
				CLANG_WARN_NON_LITERAL_NULL_CONVERSION = YES;
				CLANG_WARN_OBJC_IMPLICIT_RETAIN_SELF = YES;
				CLANG_WARN_OBJC_LITERAL_CONVERSION = YES;
				CLANG_WARN_OBJC_ROOT_CLASS = YES_ERROR;
				CLANG_WARN_RANGE_LOOP_ANALYSIS = YES;
				CLANG_WARN_STRICT_PROTOTYPES = YES;
				CLANG_WARN_SUSPICIOUS_MOVE = YES;
				CLANG_WARN_UNGUARDED_AVAILABILITY = YES_AGGRESSIVE;
				CLANG_WARN_UNREACHABLE_CODE = YES;
				CLANG_WARN__DUPLICATE_METHOD_MATCH = YES;
				COPY_PHASE_STRIP = NO;
				DEBUG_INFORMATION_FORMAT = dwarf;
				ENABLE_STRICT_OBJC_MSGSEND = YES;
				ENABLE_TESTABILITY = YES;
				GCC_C_LANGUAGE_STANDARD = gnu11;
				GCC_DYNAMIC_NO_PIC = NO;
				GCC_NO_COMMON_BLOCKS = YES;
				GCC_OPTIMIZATION_LEVEL = 0;
				GCC_PREPROCESSOR_DEFINITIONS = (
					"DEBUG=1",
					"$(inherited)",
				);
				GCC_WARN_64_TO_32_BIT_CONVERSION = YES;
				GCC_WARN_ABOUT_RETURN_TYPE = YES_ERROR;
				GCC_WARN_UNDECLARED_SELECTOR = YES;
				GCC_WARN_UNINITIALIZED_AUTOS = YES_AGGRESSIVE;
				GCC_WARN_UNUSED_FUNCTION = YES;
				GCC_WARN_UNUSED_VARIABLE = YES;
				IPHONEOS_DEPLOYMENT_TARGET = 13.2;
				MTL_ENABLE_DEBUG_INFO = INCLUDE_SOURCE;
				MTL_FAST_MATH = YES;
				ONLY_ACTIVE_ARCH = YES;
				SDKROOT = iphoneos;
				SWIFT_ACTIVE_COMPILATION_CONDITIONS = DEBUG;
				SWIFT_OPTIMIZATION_LEVEL = "-Onone";
			};
			name = Debug;
		};
		8435ED4024550BF7002F16B1 /* Release */ = {
			isa = XCBuildConfiguration;
			buildSettings = {
				ALWAYS_SEARCH_USER_PATHS = NO;
				CLANG_ANALYZER_NONNULL = YES;
				CLANG_ANALYZER_NUMBER_OBJECT_CONVERSION = YES_AGGRESSIVE;
				CLANG_CXX_LANGUAGE_STANDARD = "gnu++14";
				CLANG_CXX_LIBRARY = "libc++";
				CLANG_ENABLE_MODULES = YES;
				CLANG_ENABLE_OBJC_ARC = YES;
				CLANG_ENABLE_OBJC_WEAK = YES;
				CLANG_WARN_BLOCK_CAPTURE_AUTORELEASING = YES;
				CLANG_WARN_BOOL_CONVERSION = YES;
				CLANG_WARN_COMMA = YES;
				CLANG_WARN_CONSTANT_CONVERSION = YES;
				CLANG_WARN_DEPRECATED_OBJC_IMPLEMENTATIONS = YES;
				CLANG_WARN_DIRECT_OBJC_ISA_USAGE = YES_ERROR;
				CLANG_WARN_DOCUMENTATION_COMMENTS = YES;
				CLANG_WARN_EMPTY_BODY = YES;
				CLANG_WARN_ENUM_CONVERSION = YES;
				CLANG_WARN_INFINITE_RECURSION = YES;
				CLANG_WARN_INT_CONVERSION = YES;
				CLANG_WARN_NON_LITERAL_NULL_CONVERSION = YES;
				CLANG_WARN_OBJC_IMPLICIT_RETAIN_SELF = YES;
				CLANG_WARN_OBJC_LITERAL_CONVERSION = YES;
				CLANG_WARN_OBJC_ROOT_CLASS = YES_ERROR;
				CLANG_WARN_RANGE_LOOP_ANALYSIS = YES;
				CLANG_WARN_STRICT_PROTOTYPES = YES;
				CLANG_WARN_SUSPICIOUS_MOVE = YES;
				CLANG_WARN_UNGUARDED_AVAILABILITY = YES_AGGRESSIVE;
				CLANG_WARN_UNREACHABLE_CODE = YES;
				CLANG_WARN__DUPLICATE_METHOD_MATCH = YES;
				COPY_PHASE_STRIP = NO;
				DEBUG_INFORMATION_FORMAT = "dwarf-with-dsym";
				ENABLE_NS_ASSERTIONS = NO;
				ENABLE_STRICT_OBJC_MSGSEND = YES;
				GCC_C_LANGUAGE_STANDARD = gnu11;
				GCC_NO_COMMON_BLOCKS = YES;
				GCC_WARN_64_TO_32_BIT_CONVERSION = YES;
				GCC_WARN_ABOUT_RETURN_TYPE = YES_ERROR;
				GCC_WARN_UNDECLARED_SELECTOR = YES;
				GCC_WARN_UNINITIALIZED_AUTOS = YES_AGGRESSIVE;
				GCC_WARN_UNUSED_FUNCTION = YES;
				GCC_WARN_UNUSED_VARIABLE = YES;
				IPHONEOS_DEPLOYMENT_TARGET = 13.2;
				MTL_ENABLE_DEBUG_INFO = NO;
				MTL_FAST_MATH = YES;
				SDKROOT = iphoneos;
				SWIFT_COMPILATION_MODE = wholemodule;
				SWIFT_OPTIMIZATION_LEVEL = "-O";
				VALIDATE_PRODUCT = YES;
			};
			name = Release;
		};
		8435ED4224550BF7002F16B1 /* Debug */ = {
			isa = XCBuildConfiguration;
			baseConfigurationReference = A6729956D3B187845AADFB59 /* Pods-TestGit.debug.xcconfig */;
			buildSettings = {
				ASSETCATALOG_COMPILER_APPICON_NAME = AppIcon;
				CODE_SIGN_STYLE = Automatic;
				DEVELOPMENT_ASSET_PATHS = "\"TestGit/Preview Content\"";
				ENABLE_PREVIEWS = YES;
				INFOPLIST_FILE = TestGit/Info.plist;
				LD_RUNPATH_SEARCH_PATHS = (
					"$(inherited)",
					"@executable_path/Frameworks",
				);
				PRODUCT_BUNDLE_IDENTIFIER = ecko.test.TestGit;
				PRODUCT_NAME = "$(TARGET_NAME)";
				SWIFT_VERSION = 5.0;
				TARGETED_DEVICE_FAMILY = "1,2";
			};
			name = Debug;
		};
		8435ED4324550BF7002F16B1 /* Release */ = {
			isa = XCBuildConfiguration;
			baseConfigurationReference = 2CF83B4C2113E6133E046FE4 /* Pods-TestGit.release.xcconfig */;
			buildSettings = {
				ASSETCATALOG_COMPILER_APPICON_NAME = AppIcon;
				CODE_SIGN_STYLE = Automatic;
				DEVELOPMENT_ASSET_PATHS = "\"TestGit/Preview Content\"";
				ENABLE_PREVIEWS = YES;
				INFOPLIST_FILE = TestGit/Info.plist;
				LD_RUNPATH_SEARCH_PATHS = (
					"$(inherited)",
					"@executable_path/Frameworks",
				);
				PRODUCT_BUNDLE_IDENTIFIER = ecko.test.TestGit;
				PRODUCT_NAME = "$(TARGET_NAME)";
				SWIFT_VERSION = 5.0;
				TARGETED_DEVICE_FAMILY = "1,2";
			};
			name = Release;
		};
		8435ED4524550BF7002F16B1 /* Debug */ = {
			isa = XCBuildConfiguration;
			baseConfigurationReference = 8BBCA9FADFAFB6389FA86FC4 /* Pods-TestGitTests.debug.xcconfig */;
			buildSettings = {
				ALWAYS_EMBED_SWIFT_STANDARD_LIBRARIES = YES;
				BUNDLE_LOADER = "$(TEST_HOST)";
				CODE_SIGN_STYLE = Automatic;
				INFOPLIST_FILE = TestGitTests/Info.plist;
				IPHONEOS_DEPLOYMENT_TARGET = 13.2;
				LD_RUNPATH_SEARCH_PATHS = (
					"$(inherited)",
					"@executable_path/Frameworks",
					"@loader_path/Frameworks",
				);
				PRODUCT_BUNDLE_IDENTIFIER = ecko.test.TestGitTests;
				PRODUCT_NAME = "$(TARGET_NAME)";
				SWIFT_VERSION = 5.0;
				TARGETED_DEVICE_FAMILY = "1,2";
				TEST_HOST = "$(BUILT_PRODUCTS_DIR)/TestGit.app/TestGit";
			};
			name = Debug;
		};
		8435ED4624550BF7002F16B1 /* Release */ = {
			isa = XCBuildConfiguration;
			baseConfigurationReference = BFBCA2358CA5BAADED49754D /* Pods-TestGitTests.release.xcconfig */;
			buildSettings = {
				ALWAYS_EMBED_SWIFT_STANDARD_LIBRARIES = YES;
				BUNDLE_LOADER = "$(TEST_HOST)";
				CODE_SIGN_STYLE = Automatic;
				INFOPLIST_FILE = TestGitTests/Info.plist;
				IPHONEOS_DEPLOYMENT_TARGET = 13.2;
				LD_RUNPATH_SEARCH_PATHS = (
					"$(inherited)",
					"@executable_path/Frameworks",
					"@loader_path/Frameworks",
				);
				PRODUCT_BUNDLE_IDENTIFIER = ecko.test.TestGitTests;
				PRODUCT_NAME = "$(TARGET_NAME)";
				SWIFT_VERSION = 5.0;
				TARGETED_DEVICE_FAMILY = "1,2";
				TEST_HOST = "$(BUILT_PRODUCTS_DIR)/TestGit.app/TestGit";
			};
			name = Release;
		};
		8435ED4824550BF7002F16B1 /* Debug */ = {
			isa = XCBuildConfiguration;
			baseConfigurationReference = BDEF861D8C30635259F0E462 /* Pods-TestGit-TestGitUITests.debug.xcconfig */;
			buildSettings = {
				ALWAYS_EMBED_SWIFT_STANDARD_LIBRARIES = YES;
				CODE_SIGN_STYLE = Automatic;
				INFOPLIST_FILE = TestGitUITests/Info.plist;
				LD_RUNPATH_SEARCH_PATHS = (
					"$(inherited)",
					"@executable_path/Frameworks",
					"@loader_path/Frameworks",
				);
				PRODUCT_BUNDLE_IDENTIFIER = ecko.test.TestGitUITests;
				PRODUCT_NAME = "$(TARGET_NAME)";
				SWIFT_VERSION = 5.0;
				TARGETED_DEVICE_FAMILY = "1,2";
				TEST_TARGET_NAME = TestGit;
			};
			name = Debug;
		};
		8435ED4924550BF7002F16B1 /* Release */ = {
			isa = XCBuildConfiguration;
			baseConfigurationReference = 94A1D23BF76306399E9C2EDA /* Pods-TestGit-TestGitUITests.release.xcconfig */;
			buildSettings = {
				ALWAYS_EMBED_SWIFT_STANDARD_LIBRARIES = YES;
				CODE_SIGN_STYLE = Automatic;
				INFOPLIST_FILE = TestGitUITests/Info.plist;
				LD_RUNPATH_SEARCH_PATHS = (
					"$(inherited)",
					"@executable_path/Frameworks",
					"@loader_path/Frameworks",
				);
				PRODUCT_BUNDLE_IDENTIFIER = ecko.test.TestGitUITests;
				PRODUCT_NAME = "$(TARGET_NAME)";
				SWIFT_VERSION = 5.0;
				TARGETED_DEVICE_FAMILY = "1,2";
				TEST_TARGET_NAME = TestGit;
			};
			name = Release;
		};
/* End XCBuildConfiguration section */

/* Begin XCConfigurationList section */
		8435ED1224550BF4002F16B1 /* Build configuration list for PBXProject "TestGit" */ = {
			isa = XCConfigurationList;
			buildConfigurations = (
				8435ED3F24550BF7002F16B1 /* Debug */,
				8435ED4024550BF7002F16B1 /* Release */,
			);
			defaultConfigurationIsVisible = 0;
			defaultConfigurationName = Release;
		};
		8435ED4124550BF7002F16B1 /* Build configuration list for PBXNativeTarget "TestGit" */ = {
			isa = XCConfigurationList;
			buildConfigurations = (
				8435ED4224550BF7002F16B1 /* Debug */,
				8435ED4324550BF7002F16B1 /* Release */,
			);
			defaultConfigurationIsVisible = 0;
			defaultConfigurationName = Release;
		};
		8435ED4424550BF7002F16B1 /* Build configuration list for PBXNativeTarget "TestGitTests" */ = {
			isa = XCConfigurationList;
			buildConfigurations = (
				8435ED4524550BF7002F16B1 /* Debug */,
				8435ED4624550BF7002F16B1 /* Release */,
			);
			defaultConfigurationIsVisible = 0;
			defaultConfigurationName = Release;
		};
		8435ED4724550BF7002F16B1 /* Build configuration list for PBXNativeTarget "TestGitUITests" */ = {
			isa = XCConfigurationList;
			buildConfigurations = (
				8435ED4824550BF7002F16B1 /* Debug */,
				8435ED4924550BF7002F16B1 /* Release */,
			);
			defaultConfigurationIsVisible = 0;
			defaultConfigurationName = Release;
		};
/* End XCConfigurationList section */
	};
	rootObject = 8435ED0F24550BF4002F16B1 /* Project object */;
}
